// !$*UTF8*$!
{
	archiveVersion = 1;
	classes = {
	};
	objectVersion = 55;
	objects = {

/* Begin PBXBuildFile section */
		709A2A8D2873743800C1F8E0 /* sound.mp3 in Resources */ = {isa = PBXBuildFile; fileRef = 709A2A8C2873743800C1F8E0 /* sound.mp3 */; };
		709A2A92287379E000C1F8E0 /* SoundManager.swift in Sources */ = {isa = PBXBuildFile; fileRef = 709A2A91287379E000C1F8E0 /* SoundManager.swift */; };
		709A2A9428737AFA00C1F8E0 /* AnimationManager.swift in Sources */ = {isa = PBXBuildFile; fileRef = 709A2A9328737AFA00C1F8E0 /* AnimationManager.swift */; };
		70C05585284774C10025AA61 /* AppDelegate.swift in Sources */ = {isa = PBXBuildFile; fileRef = 70C05584284774C10025AA61 /* AppDelegate.swift */; };
		70C05587284774C10025AA61 /* SceneDelegate.swift in Sources */ = {isa = PBXBuildFile; fileRef = 70C05586284774C10025AA61 /* SceneDelegate.swift */; };
		70C05589284774C10025AA61 /* ViewController.swift in Sources */ = {isa = PBXBuildFile; fileRef = 70C05588284774C10025AA61 /* ViewController.swift */; };
		70C0558C284774C10025AA61 /* Main.storyboard in Resources */ = {isa = PBXBuildFile; fileRef = 70C0558A284774C10025AA61 /* Main.storyboard */; };
		70C0558E284774C30025AA61 /* Assets.xcassets in Resources */ = {isa = PBXBuildFile; fileRef = 70C0558D284774C30025AA61 /* Assets.xcassets */; };
		70C05591284774C30025AA61 /* LaunchScreen.storyboard in Resources */ = {isa = PBXBuildFile; fileRef = 70C0558F284774C30025AA61 /* LaunchScreen.storyboard */; };
/* End PBXBuildFile section */

/* Begin PBXFileReference section */
		709A2A8C2873743800C1F8E0 /* sound.mp3 */ = {isa = PBXFileReference; lastKnownFileType = audio.mp3; path = sound.mp3; sourceTree = "<group>"; };
		709A2A91287379E000C1F8E0 /* SoundManager.swift */ = {isa = PBXFileReference; lastKnownFileType = sourcecode.swift; path = SoundManager.swift; sourceTree = "<group>"; };
		709A2A9328737AFA00C1F8E0 /* AnimationManager.swift */ = {isa = PBXFileReference; lastKnownFileType = sourcecode.swift; path = AnimationManager.swift; sourceTree = "<group>"; };
		70C05581284774C10025AA61 /* DICEE.app */ = {isa = PBXFileReference; explicitFileType = wrapper.application; includeInIndex = 0; path = DICEE.app; sourceTree = BUILT_PRODUCTS_DIR; };
		70C05584284774C10025AA61 /* AppDelegate.swift */ = {isa = PBXFileReference; lastKnownFileType = sourcecode.swift; path = AppDelegate.swift; sourceTree = "<group>"; };
		70C05586284774C10025AA61 /* SceneDelegate.swift */ = {isa = PBXFileReference; lastKnownFileType = sourcecode.swift; path = SceneDelegate.swift; sourceTree = "<group>"; };
		70C05588284774C10025AA61 /* ViewController.swift */ = {isa = PBXFileReference; lastKnownFileType = sourcecode.swift; path = ViewController.swift; sourceTree = "<group>"; };
		70C0558B284774C10025AA61 /* Base */ = {isa = PBXFileReference; lastKnownFileType = file.storyboard; name = Base; path = Base.lproj/Main.storyboard; sourceTree = "<group>"; };
		70C0558D284774C30025AA61 /* Assets.xcassets */ = {isa = PBXFileReference; lastKnownFileType = folder.assetcatalog; path = Assets.xcassets; sourceTree = "<group>"; };
		70C05590284774C30025AA61 /* Base */ = {isa = PBXFileReference; lastKnownFileType = file.storyboard; name = Base; path = Base.lproj/LaunchScreen.storyboard; sourceTree = "<group>"; };
		70C05592284774C30025AA61 /* Info.plist */ = {isa = PBXFileReference; lastKnownFileType = text.plist.xml; path = Info.plist; sourceTree = "<group>"; };
/* End PBXFileReference section */

/* Begin PBXFrameworksBuildPhase section */
		70C0557E284774C10025AA61 /* Frameworks */ = {
			isa = PBXFrameworksBuildPhase;
			buildActionMask = 2147483647;
			files = (
			);
			runOnlyForDeploymentPostprocessing = 0;
		};
/* End PBXFrameworksBuildPhase section */

/* Begin PBXGroup section */
		709A2A8B2873743800C1F8E0 /* Sound */ = {
			isa = PBXGroup;
			children = (
				709A2A8C2873743800C1F8E0 /* sound.mp3 */,
			);
			path = Sound;
			sourceTree = "<group>";
		};
		709A2A8E287379AA00C1F8E0 /* View */ = {
			isa = PBXGroup;
			children = (
				70C0558A284774C10025AA61 /* Main.storyboard */,
			);
			path = View;
			sourceTree = "<group>";
		};
		709A2A8F287379B800C1F8E0 /* Controller */ = {
			isa = PBXGroup;
			children = (
				70C05588284774C10025AA61 /* ViewController.swift */,
			);
			path = Controller;
			sourceTree = "<group>";
		};
		709A2A90287379C300C1F8E0 /* Model */ = {
			isa = PBXGroup;
			children = (
				709A2A9328737AFA00C1F8E0 /* AnimationManager.swift */,
				709A2A91287379E000C1F8E0 /* SoundManager.swift */,
			);
			path = Model;
			sourceTree = "<group>";
		};
		70C05578284774C10025AA61 = {
			isa = PBXGroup;
			children = (
				70C05583284774C10025AA61 /* DICEE */,
				70C05582284774C10025AA61 /* Products */,
			);
			sourceTree = "<group>";
		};
		70C05582284774C10025AA61 /* Products */ = {
			isa = PBXGroup;
			children = (
				70C05581284774C10025AA61 /* DICEE.app */,
			);
			name = Products;
			sourceTree = "<group>";
		};
		70C05583284774C10025AA61 /* DICEE */ = {
			isa = PBXGroup;
			children = (
				70C05584284774C10025AA61 /* AppDelegate.swift */,
				70C05586284774C10025AA61 /* SceneDelegate.swift */,
				709A2A90287379C300C1F8E0 /* Model */,
				709A2A8F287379B800C1F8E0 /* Controller */,
				709A2A8E287379AA00C1F8E0 /* View */,
				70C0558D284774C30025AA61 /* Assets.xcassets */,
				70C0558F284774C30025AA61 /* LaunchScreen.storyboard */,
				70C05592284774C30025AA61 /* Info.plist */,
				709A2A8B2873743800C1F8E0 /* Sound */,
			);
			path = DICEE;
			sourceTree = "<group>";
		};
/* End PBXGroup section */

/* Begin PBXNativeTarget section */
		70C05580284774C10025AA61 /* DICEE */ = {
			isa = PBXNativeTarget;
			buildConfigurationList = 70C05595284774C30025AA61 /* Build configuration list for PBXNativeTarget "DICEE" */;
			buildPhases = (
				70C0557D284774C10025AA61 /* Sources */,
				70C0557E284774C10025AA61 /* Frameworks */,
				70C0557F284774C10025AA61 /* Resources */,
			);
			buildRules = (
			);
			dependencies = (
			);
			name = DICEE;
			productName = DICEE;
			productReference = 70C05581284774C10025AA61 /* DICEE.app */;
			productType = "com.apple.product-type.application";
		};
/* End PBXNativeTarget section */

/* Begin PBXProject section */
		70C05579284774C10025AA61 /* Project object */ = {
			isa = PBXProject;
			attributes = {
				BuildIndependentTargetsInParallel = 1;
				LastSwiftUpdateCheck = 1340;
				LastUpgradeCheck = 1340;
				TargetAttributes = {
					70C05580284774C10025AA61 = {
						CreatedOnToolsVersion = 13.4;
					};
				};
			};
			buildConfigurationList = 70C0557C284774C10025AA61 /* Build configuration list for PBXProject "DICEE" */;
			compatibilityVersion = "Xcode 13.0";
			developmentRegion = en;
			hasScannedForEncodings = 0;
			knownRegions = (
				en,
				Base,
			);
			mainGroup = 70C05578284774C10025AA61;
			productRefGroup = 70C05582284774C10025AA61 /* Products */;
			projectDirPath = "";
			projectRoot = "";
			targets = (
				70C05580284774C10025AA61 /* DICEE */,
			);
		};
/* End PBXProject section */

/* Begin PBXResourcesBuildPhase section */
		70C0557F284774C10025AA61 /* Resources */ = {
			isa = PBXResourcesBuildPhase;
			buildActionMask = 2147483647;
			files = (
				709A2A8D2873743800C1F8E0 /* sound.mp3 in Resources */,
				70C05591284774C30025AA61 /* LaunchScreen.storyboard in Resources */,
				70C0558E284774C30025AA61 /* Assets.xcassets in Resources */,
				70C0558C284774C10025AA61 /* Main.storyboard in Resources */,
			);
			runOnlyForDeploymentPostprocessing = 0;
		};
/* End PBXResourcesBuildPhase section */

/* Begin PBXSourcesBuildPhase section */
		70C0557D284774C10025AA61 /* Sources */ = {
			isa = PBXSourcesBuildPhase;
			buildActionMask = 2147483647;
			files = (
				709A2A92287379E000C1F8E0 /* SoundManager.swift in Sources */,
				70C05589284774C10025AA61 /* ViewController.swift in Sources */,
				70C05585284774C10025AA61 /* AppDelegate.swift in Sources */,
				70C05587284774C10025AA61 /* SceneDelegate.swift in Sources */,
				709A2A9428737AFA00C1F8E0 /* AnimationManager.swift in Sources */,
			);
			runOnlyForDeploymentPostprocessing = 0;
		};
/* End PBXSourcesBuildPhase section */

/* Begin PBXVariantGroup section */
		70C0558A284774C10025AA61 /* Main.storyboard */ = {
			isa = PBXVariantGroup;
			children = (
				70C0558B284774C10025AA61 /* Base */,
			);
			name = Main.storyboard;
			sourceTree = "<group>";
		};
		70C0558F284774C30025AA61 /* LaunchScreen.storyboard */ = {
			isa = PBXVariantGroup;
			children = (
				70C05590284774C30025AA61 /* Base */,
			);
			name = LaunchScreen.storyboard;
			sourceTree = "<group>";
		};
/* End PBXVariantGroup section */

/* Begin XCBuildConfiguration section */
		70C05593284774C30025AA61 /* Debug */ = {
			isa = XCBuildConfiguration;
			buildSettings = {
				ALWAYS_SEARCH_USER_PATHS = NO;
				CLANG_ANALYZER_NONNULL = YES;
				CLANG_ANALYZER_NUMBER_OBJECT_CONVERSION = YES_AGGRESSIVE;
				CLANG_CXX_LANGUAGE_STANDARD = "gnu++17";
				CLANG_ENABLE_MODULES = YES;
				CLANG_ENABLE_OBJC_ARC = YES;
				CLANG_ENABLE_OBJC_WEAK = YES;
				CLANG_WARN_BLOCK_CAPTURE_AUTORELEASING = YES;
				CLANG_WARN_BOOL_CONVERSION = YES;
				CLANG_WARN_COMMA = YES;
				CLANG_WARN_CONSTANT_CONVERSION = YES;
				CLANG_WARN_DEPRECATED_OBJC_IMPLEMENTATIONS = YES;
				CLANG_WARN_DIRECT_OBJC_ISA_USAGE = YES_ERROR;
				CLANG_WARN_DOCUMENTATION_COMMENTS = YES;
				CLANG_WARN_EMPTY_BODY = YES;
				CLANG_WARN_ENUM_CONVERSION = YES;
				CLANG_WARN_INFINITE_RECURSION = YES;
				CLANG_WARN_INT_CONVERSION = YES;
				CLANG_WARN_NON_LITERAL_NULL_CONVERSION = YES;
				CLANG_WARN_OBJC_IMPLICIT_RETAIN_SELF = YES;
				CLANG_WARN_OBJC_LITERAL_CONVERSION = YES;
				CLANG_WARN_OBJC_ROOT_CLASS = YES_ERROR;
				CLANG_WARN_QUOTED_INCLUDE_IN_FRAMEWORK_HEADER = YES;
				CLANG_WARN_RANGE_LOOP_ANALYSIS = YES;
				CLANG_WARN_STRICT_PROTOTYPES = YES;
				CLANG_WARN_SUSPICIOUS_MOVE = YES;
				CLANG_WARN_UNGUARDED_AVAILABILITY = YES_AGGRESSIVE;
				CLANG_WARN_UNREACHABLE_CODE = YES;
				CLANG_WARN__DUPLICATE_METHOD_MATCH = YES;
				COPY_PHASE_STRIP = NO;
				DEBUG_INFORMATION_FORMAT = dwarf;
				ENABLE_STRICT_OBJC_MSGSEND = YES;
				ENABLE_TESTABILITY = YES;
				GCC_C_LANGUAGE_STANDARD = gnu11;
				GCC_DYNAMIC_NO_PIC = NO;
				GCC_NO_COMMON_BLOCKS = YES;
				GCC_OPTIMIZATION_LEVEL = 0;
				GCC_PREPROCESSOR_DEFINITIONS = (
					"DEBUG=1",
					"$(inherited)",
				);
				GCC_WARN_64_TO_32_BIT_CONVERSION = YES;
				GCC_WARN_ABOUT_RETURN_TYPE = YES_ERROR;
				GCC_WARN_UNDECLARED_SELECTOR = YES;
				GCC_WARN_UNINITIALIZED_AUTOS = YES_AGGRESSIVE;
				GCC_WARN_UNUSED_FUNCTION = YES;
				GCC_WARN_UNUSED_VARIABLE = YES;
				IPHONEOS_DEPLOYMENT_TARGET = 15.5;
				MTL_ENABLE_DEBUG_INFO = INCLUDE_SOURCE;
				MTL_FAST_MATH = YES;
				ONLY_ACTIVE_ARCH = YES;
				SDKROOT = iphoneos;
				SWIFT_ACTIVE_COMPILATION_CONDITIONS = DEBUG;
				SWIFT_OPTIMIZATION_LEVEL = "-Onone";
			};
			name = Debug;
		};
		70C05594284774C30025AA61 /* Release */ = {
			isa = XCBuildConfiguration;
			buildSettings = {
				ALWAYS_SEARCH_USER_PATHS = NO;
				CLANG_ANALYZER_NONNULL = YES;
				CLANG_ANALYZER_NUMBER_OBJECT_CONVERSION = YES_AGGRESSIVE;
				CLANG_CXX_LANGUAGE_STANDARD = "gnu++17";
				CLANG_ENABLE_MODULES = YES;
				CLANG_ENABLE_OBJC_ARC = YES;
				CLANG_ENABLE_OBJC_WEAK = YES;
				CLANG_WARN_BLOCK_CAPTURE_AUTORELEASING = YES;
				CLANG_WARN_BOOL_CONVERSION = YES;
				CLANG_WARN_COMMA = YES;
				CLANG_WARN_CONSTANT_CONVERSION = YES;
				CLANG_WARN_DEPRECATED_OBJC_IMPLEMENTATIONS = YES;
				CLANG_WARN_DIRECT_OBJC_ISA_USAGE = YES_ERROR;
				CLANG_WARN_DOCUMENTATION_COMMENTS = YES;
				CLANG_WARN_EMPTY_BODY = YES;
				CLANG_WARN_ENUM_CONVERSION = YES;
				CLANG_WARN_INFINITE_RECURSION = YES;
				CLANG_WARN_INT_CONVERSION = YES;
				CLANG_WARN_NON_LITERAL_NULL_CONVERSION = YES;
				CLANG_WARN_OBJC_IMPLICIT_RETAIN_SELF = YES;
				CLANG_WARN_OBJC_LITERAL_CONVERSION = YES;
				CLANG_WARN_OBJC_ROOT_CLASS = YES_ERROR;
				CLANG_WARN_QUOTED_INCLUDE_IN_FRAMEWORK_HEADER = YES;
				CLANG_WARN_RANGE_LOOP_ANALYSIS = YES;
				CLANG_WARN_STRICT_PROTOTYPES = YES;
				CLANG_WARN_SUSPICIOUS_MOVE = YES;
				CLANG_WARN_UNGUARDED_AVAILABILITY = YES_AGGRESSIVE;
				CLANG_WARN_UNREACHABLE_CODE = YES;
				CLANG_WARN__DUPLICATE_METHOD_MATCH = YES;
				COPY_PHASE_STRIP = NO;
				DEBUG_INFORMATION_FORMAT = "dwarf-with-dsym";
				ENABLE_NS_ASSERTIONS = NO;
				ENABLE_STRICT_OBJC_MSGSEND = YES;
				GCC_C_LANGUAGE_STANDARD = gnu11;
				GCC_NO_COMMON_BLOCKS = YES;
				GCC_WARN_64_TO_32_BIT_CONVERSION = YES;
				GCC_WARN_ABOUT_RETURN_TYPE = YES_ERROR;
				GCC_WARN_UNDECLARED_SELECTOR = YES;
				GCC_WARN_UNINITIALIZED_AUTOS = YES_AGGRESSIVE;
				GCC_WARN_UNUSED_FUNCTION = YES;
				GCC_WARN_UNUSED_VARIABLE = YES;
				IPHONEOS_DEPLOYMENT_TARGET = 15.5;
				MTL_ENABLE_DEBUG_INFO = NO;
				MTL_FAST_MATH = YES;
				SDKROOT = iphoneos;
				SWIFT_COMPILATION_MODE = wholemodule;
				SWIFT_OPTIMIZATION_LEVEL = "-O";
				VALIDATE_PRODUCT = YES;
			};
			name = Release;
		};
		70C05596284774C30025AA61 /* Debug */ = {
			isa = XCBuildConfiguration;
			buildSettings = {
				ASSETCATALOG_COMPILER_APPICON_NAME = AppIcon;
				ASSETCATALOG_COMPILER_GLOBAL_ACCENT_COLOR_NAME = AccentColor;
				CODE_SIGN_STYLE = Automatic;
				CURRENT_PROJECT_VERSION = 1;
				DEVELOPMENT_TEAM = 6PB4D5QX22;
				GENERATE_INFOPLIST_FILE = YES;
				INFOPLIST_FILE = DICEE/Info.plist;
				INFOPLIST_KEY_UIApplicationSupportsIndirectInputEvents = YES;
				INFOPLIST_KEY_UILaunchStoryboardName = LaunchScreen;
				INFOPLIST_KEY_UIMainStoryboardFile = Main;
				INFOPLIST_KEY_UISupportedInterfaceOrientations = UIInterfaceOrientationPortrait;
				INFOPLIST_KEY_UISupportedInterfaceOrientations_iPad = "UIInterfaceOrientationPortrait UIInterfaceOrientationPortraitUpsideDown UIInterfaceOrientationLandscapeLeft UIInterfaceOrientationLandscapeRight";
				INFOPLIST_KEY_UISupportedInterfaceOrientations_iPhone = "UIInterfaceOrientationPortrait UIInterfaceOrientationLandscapeLeft UIInterfaceOrientationLandscapeRight";
				LD_RUNPATH_SEARCH_PATHS = (
					"$(inherited)",
					"@executable_path/Frameworks",
				);
				MARKETING_VERSION = 1.0;
				PRODUCT_BUNDLE_IDENTIFIER = com.mr.kelma.DICEE;
				PRODUCT_NAME = "$(TARGET_NAME)";
				SWIFT_EMIT_LOC_STRINGS = YES;
				SWIFT_VERSION = 5.0;
				TARGETED_DEVICE_FAMILY = 1;
			};
			name = Debug;
		};
		70C05597284774C30025AA61 /* Release */ = {
			isa = XCBuildConfiguration;
			buildSettings = {
				ASSETCATALOG_COMPILER_APPICON_NAME = AppIcon;
				ASSETCATALOG_COMPILER_GLOBAL_ACCENT_COLOR_NAME = AccentColor;
				CODE_SIGN_STYLE = Automatic;
				CURRENT_PROJECT_VERSION = 1;
				DEVELOPMENT_TEAM = 6PB4D5QX22;
				GENERATE_INFOPLIST_FILE = YES;
				INFOPLIST_FILE = DICEE/Info.plist;
				INFOPLIST_KEY_UIApplicationSupportsIndirectInputEvents = YES;
				INFOPLIST_KEY_UILaunchStoryboardName = LaunchScreen;
				INFOPLIST_KEY_UIMainStoryboardFile = Main;
				INFOPLIST_KEY_UISupportedInterfaceOrientations = UIInterfaceOrientationPortrait;
				INFOPLIST_KEY_UISupportedInterfaceOrientations_iPad = "UIInterfaceOrientationPortrait UIInterfaceOrientationPortraitUpsideDown UIInterfaceOrientationLandscapeLeft UIInterfaceOrientationLandscapeRight";
				INFOPLIST_KEY_UISupportedInterfaceOrientations_iPhone = "UIInterfaceOrientationPortrait UIInterfaceOrientationLandscapeLeft UIInterfaceOrientationLandscapeRight";
				LD_RUNPATH_SEARCH_PATHS = (
					"$(inherited)",
					"@executable_path/Frameworks",
				);
				MARKETING_VERSION = 1.0;
				PRODUCT_BUNDLE_IDENTIFIER = com.mr.kelma.DICEE;
				PRODUCT_NAME = "$(TARGET_NAME)";
				SWIFT_EMIT_LOC_STRINGS = YES;
				SWIFT_VERSION = 5.0;
				TARGETED_DEVICE_FAMILY = 1;
			};
			name = Release;
		};
/* End XCBuildConfiguration section */

/* Begin XCConfigurationList section */
		70C0557C284774C10025AA61 /* Build configuration list for PBXProject "DICEE" */ = {
			isa = XCConfigurationList;
			buildConfigurations = (
				70C05593284774C30025AA61 /* Debug */,
				70C05594284774C30025AA61 /* Release */,
			);
			defaultConfigurationIsVisible = 0;
			defaultConfigurationName = Release;
		};
		70C05595284774C30025AA61 /* Build configuration list for PBXNativeTarget "DICEE" */ = {
			isa = XCConfigurationList;
			buildConfigurations = (
				70C05596284774C30025AA61 /* Debug */,
				70C05597284774C30025AA61 /* Release */,
			);
			defaultConfigurationIsVisible = 0;
			defaultConfigurationName = Release;
		};
/* End XCConfigurationList section */
	};
	rootObject = 70C05579284774C10025AA61 /* Project object */;
}
